
Microsoft Visual Studio Solution File, Format Version 12.00
# Visual Studio 15
VisualStudioVersion = 15.0.26621.2
MinimumVisualStudioVersion = 10.0.40219.1
Project("{2150E333-8FDC-42A3-9474-1A3956D46DE8}") = "src", "src", "{D7A6041B-98F0-418D-80CA-AFEA245FA8F6}"
EndProject
Project("{9A19103F-16F7-4668-BE54-9A1E7A4F7556}") = "PullRequestsViewer.WebApp", "src\PullRequestsViewer.WebApp\PullRequestsViewer.WebApp.csproj", "{809291D5-CCCF-4139-A477-F71899FB22DF}"
EndProject
Project("{2150E333-8FDC-42A3-9474-1A3956D46DE8}") = "tests", "tests", "{1F3507EC-A748-4B1C-B90D-D212C9A31DC1}"
EndProject
Project("{9A19103F-16F7-4668-BE54-9A1E7A4F7556}") = "PullRequestsViewer.WebApp.Tests", "tests\PullRequestsViewer.WebApp.Tests\PullRequestsViewer.WebApp.Tests.csproj", "{A89E678F-D1EB-449F-AE81-001B028FDE14}"
EndProject
Project("{9A19103F-16F7-4668-BE54-9A1E7A4F7556}") = "PullRequestsViewer.GitHub", "src\PullRequestsViewer.GitHub\PullRequestsViewer.GitHub.csproj", "{2E967D8D-8239-4EB1-8B97-96928769A336}"
EndProject
Project("{9A19103F-16F7-4668-BE54-9A1E7A4F7556}") = "PullRequestsViewer.Domain", "src\PullRequestsViewer.Domain\PullRequestsViewer.Domain.csproj", "{DEABC975-5493-401A-8169-F7589B60C946}"
EndProject
Project("{9A19103F-16F7-4668-BE54-9A1E7A4F7556}") = "PullRequestsViewer.GitHub.Tests", "tests\PullRequestsViewer.GitHub.Tests\PullRequestsViewer.GitHub.Tests.csproj", "{C8C347B6-AC90-4A0A-8C5B-8780E2BB8C84}"
EndProject
Project("{2150E333-8FDC-42A3-9474-1A3956D46DE8}") = "docs", "docs", "{F53E7105-F9F7-4E1F-AE56-75AF520D26DC}"
	ProjectSection(SolutionItems) = preProject
		LICENSE = LICENSE
		README.md = README.md
	EndProjectSection
EndProject
Project("{2150E333-8FDC-42A3-9474-1A3956D46DE8}") = "build", "build", "{B55CE421-62A3-43C4-B4BC-D7EDC6AE03E1}"
	ProjectSection(SolutionItems) = preProject
		appveyor.yml = appveyor.yml
		build.cake = build.cake
		build.ps1 = build.ps1
		build.sh = build.sh
		src\PullRequestsViewer.WebApp\PullRequestsViewer.WebApp.nuspec = src\PullRequestsViewer.WebApp\PullRequestsViewer.WebApp.nuspec
	EndProjectSection
EndProject
Project("{9A19103F-16F7-4668-BE54-9A1E7A4F7556}") = "PullRequestsViewer.SqlLite", "src\PullRequestsViewer.SqlLite\PullRequestsViewer.SqlLite.csproj", "{E0C0C58A-A0E4-4C2C-947B-1E3AA6D08B27}"
EndProject
Project("{FAE04EC0-301F-11D3-BF4B-00C04F79EFBC}") = "PullRequestsViewer.SqlLite.Tests.Unit", "tests\PullRequestsViewer.SqlLite.Tests.Unit\PullRequestsViewer.SqlLite.Tests.Unit.csproj", "{E39A1049-57AF-4310-B627-2FFA33135BD1}"
EndProject
Global
	GlobalSection(SolutionConfigurationPlatforms) = preSolution
		Debug|Any CPU = Debug|Any CPU
		Debug|x64 = Debug|x64
		Debug|x86 = Debug|x86
		Release|Any CPU = Release|Any CPU
		Release|x64 = Release|x64
		Release|x86 = Release|x86
	EndGlobalSection
	GlobalSection(ProjectConfigurationPlatforms) = postSolution
		{809291D5-CCCF-4139-A477-F71899FB22DF}.Debug|Any CPU.ActiveCfg = Debug|Any CPU
		{809291D5-CCCF-4139-A477-F71899FB22DF}.Debug|Any CPU.Build.0 = Debug|Any CPU
		{809291D5-CCCF-4139-A477-F71899FB22DF}.Debug|x64.ActiveCfg = Debug|x64
		{809291D5-CCCF-4139-A477-F71899FB22DF}.Debug|x64.Build.0 = Debug|x64
		{809291D5-CCCF-4139-A477-F71899FB22DF}.Debug|x86.ActiveCfg = Debug|x86
		{809291D5-CCCF-4139-A477-F71899FB22DF}.Debug|x86.Build.0 = Debug|x86
		{809291D5-CCCF-4139-A477-F71899FB22DF}.Release|Any CPU.ActiveCfg = Release|Any CPU
		{809291D5-CCCF-4139-A477-F71899FB22DF}.Release|Any CPU.Build.0 = Release|Any CPU
		{809291D5-CCCF-4139-A477-F71899FB22DF}.Release|x64.ActiveCfg = Release|x64
		{809291D5-CCCF-4139-A477-F71899FB22DF}.Release|x64.Build.0 = Release|x64
		{809291D5-CCCF-4139-A477-F71899FB22DF}.Release|x86.ActiveCfg = Release|x86
		{809291D5-CCCF-4139-A477-F71899FB22DF}.Release|x86.Build.0 = Release|x86
		{A89E678F-D1EB-449F-AE81-001B028FDE14}.Debug|Any CPU.ActiveCfg = Debug|Any CPU
		{A89E678F-D1EB-449F-AE81-001B028FDE14}.Debug|Any CPU.Build.0 = Debug|Any CPU
		{A89E678F-D1EB-449F-AE81-001B028FDE14}.Debug|x64.ActiveCfg = Debug|x64
		{A89E678F-D1EB-449F-AE81-001B028FDE14}.Debug|x64.Build.0 = Debug|x64
		{A89E678F-D1EB-449F-AE81-001B028FDE14}.Debug|x86.ActiveCfg = Debug|x86
		{A89E678F-D1EB-449F-AE81-001B028FDE14}.Debug|x86.Build.0 = Debug|x86
		{A89E678F-D1EB-449F-AE81-001B028FDE14}.Release|Any CPU.ActiveCfg = Release|Any CPU
		{A89E678F-D1EB-449F-AE81-001B028FDE14}.Release|Any CPU.Build.0 = Release|Any CPU
		{A89E678F-D1EB-449F-AE81-001B028FDE14}.Release|x64.ActiveCfg = Release|x64
		{A89E678F-D1EB-449F-AE81-001B028FDE14}.Release|x64.Build.0 = Release|x64
		{A89E678F-D1EB-449F-AE81-001B028FDE14}.Release|x86.ActiveCfg = Release|x86
		{A89E678F-D1EB-449F-AE81-001B028FDE14}.Release|x86.Build.0 = Release|x86
		{2E967D8D-8239-4EB1-8B97-96928769A336}.Debug|Any CPU.ActiveCfg = Debug|Any CPU
		{2E967D8D-8239-4EB1-8B97-96928769A336}.Debug|Any CPU.Build.0 = Debug|Any CPU
		{2E967D8D-8239-4EB1-8B97-96928769A336}.Debug|x64.ActiveCfg = Debug|x64
		{2E967D8D-8239-4EB1-8B97-96928769A336}.Debug|x64.Build.0 = Debug|x64
		{2E967D8D-8239-4EB1-8B97-96928769A336}.Debug|x86.ActiveCfg = Debug|x86
		{2E967D8D-8239-4EB1-8B97-96928769A336}.Debug|x86.Build.0 = Debug|x86
		{2E967D8D-8239-4EB1-8B97-96928769A336}.Release|Any CPU.ActiveCfg = Release|Any CPU
		{2E967D8D-8239-4EB1-8B97-96928769A336}.Release|Any CPU.Build.0 = Release|Any CPU
		{2E967D8D-8239-4EB1-8B97-96928769A336}.Release|x64.ActiveCfg = Release|x64
		{2E967D8D-8239-4EB1-8B97-96928769A336}.Release|x64.Build.0 = Release|x64
		{2E967D8D-8239-4EB1-8B97-96928769A336}.Release|x86.ActiveCfg = Release|x86
		{2E967D8D-8239-4EB1-8B97-96928769A336}.Release|x86.Build.0 = Release|x86
		{DEABC975-5493-401A-8169-F7589B60C946}.Debug|Any CPU.ActiveCfg = Debug|Any CPU
		{DEABC975-5493-401A-8169-F7589B60C946}.Debug|Any CPU.Build.0 = Debug|Any CPU
		{DEABC975-5493-401A-8169-F7589B60C946}.Debug|x64.ActiveCfg = Debug|x64
		{DEABC975-5493-401A-8169-F7589B60C946}.Debug|x64.Build.0 = Debug|x64
		{DEABC975-5493-401A-8169-F7589B60C946}.Debug|x86.ActiveCfg = Debug|x86
		{DEABC975-5493-401A-8169-F7589B60C946}.Debug|x86.Build.0 = Debug|x86
		{DEABC975-5493-401A-8169-F7589B60C946}.Release|Any CPU.ActiveCfg = Release|Any CPU
		{DEABC975-5493-401A-8169-F7589B60C946}.Release|Any CPU.Build.0 = Release|Any CPU
		{DEABC975-5493-401A-8169-F7589B60C946}.Release|x64.ActiveCfg = Release|x64
		{DEABC975-5493-401A-8169-F7589B60C946}.Release|x64.Build.0 = Release|x64
		{DEABC975-5493-401A-8169-F7589B60C946}.Release|x86.ActiveCfg = Release|x86
		{DEABC975-5493-401A-8169-F7589B60C946}.Release|x86.Build.0 = Release|x86
		{C8C347B6-AC90-4A0A-8C5B-8780E2BB8C84}.Debug|Any CPU.ActiveCfg = Debug|Any CPU
		{C8C347B6-AC90-4A0A-8C5B-8780E2BB8C84}.Debug|Any CPU.Build.0 = Debug|Any CPU
		{C8C347B6-AC90-4A0A-8C5B-8780E2BB8C84}.Debug|x64.ActiveCfg = Debug|Any CPU
		{C8C347B6-AC90-4A0A-8C5B-8780E2BB8C84}.Debug|x64.Build.0 = Debug|Any CPU
		{C8C347B6-AC90-4A0A-8C5B-8780E2BB8C84}.Debug|x86.ActiveCfg = Debug|Any CPU
		{C8C347B6-AC90-4A0A-8C5B-8780E2BB8C84}.Debug|x86.Build.0 = Debug|Any CPU
		{C8C347B6-AC90-4A0A-8C5B-8780E2BB8C84}.Release|Any CPU.ActiveCfg = Release|Any CPU
		{C8C347B6-AC90-4A0A-8C5B-8780E2BB8C84}.Release|Any CPU.Build.0 = Release|Any CPU
		{C8C347B6-AC90-4A0A-8C5B-8780E2BB8C84}.Release|x64.ActiveCfg = Release|Any CPU
		{C8C347B6-AC90-4A0A-8C5B-8780E2BB8C84}.Release|x64.Build.0 = Release|Any CPU
		{C8C347B6-AC90-4A0A-8C5B-8780E2BB8C84}.Release|x86.ActiveCfg = Release|Any CPU
		{C8C347B6-AC90-4A0A-8C5B-8780E2BB8C84}.Release|x86.Build.0 = Release|Any CPU
		{E0C0C58A-A0E4-4C2C-947B-1E3AA6D08B27}.Debug|Any CPU.ActiveCfg = Debug|Any CPU
		{E0C0C58A-A0E4-4C2C-947B-1E3AA6D08B27}.Debug|Any CPU.Build.0 = Debug|Any CPU
		{E0C0C58A-A0E4-4C2C-947B-1E3AA6D08B27}.Debug|x64.ActiveCfg = Debug|Any CPU
		{E0C0C58A-A0E4-4C2C-947B-1E3AA6D08B27}.Debug|x64.Build.0 = Debug|Any CPU
		{E0C0C58A-A0E4-4C2C-947B-1E3AA6D08B27}.Debug|x86.ActiveCfg = Debug|Any CPU
		{E0C0C58A-A0E4-4C2C-947B-1E3AA6D08B27}.Debug|x86.Build.0 = Debug|Any CPU
		{E0C0C58A-A0E4-4C2C-947B-1E3AA6D08B27}.Release|Any CPU.ActiveCfg = Release|Any CPU
		{E0C0C58A-A0E4-4C2C-947B-1E3AA6D08B27}.Release|Any CPU.Build.0 = Release|Any CPU
		{E0C0C58A-A0E4-4C2C-947B-1E3AA6D08B27}.Release|x64.ActiveCfg = Release|Any CPU
		{E0C0C58A-A0E4-4C2C-947B-1E3AA6D08B27}.Release|x64.Build.0 = Release|Any CPU
		{E0C0C58A-A0E4-4C2C-947B-1E3AA6D08B27}.Release|x86.ActiveCfg = Release|Any CPU
		{E0C0C58A-A0E4-4C2C-947B-1E3AA6D08B27}.Release|x86.Build.0 = Release|Any CPU
		{E39A1049-57AF-4310-B627-2FFA33135BD1}.Debug|Any CPU.ActiveCfg = Debug|Any CPU
		{E39A1049-57AF-4310-B627-2FFA33135BD1}.Debug|Any CPU.Build.0 = Debug|Any CPU
		{E39A1049-57AF-4310-B627-2FFA33135BD1}.Debug|x64.ActiveCfg = Debug|Any CPU
		{E39A1049-57AF-4310-B627-2FFA33135BD1}.Debug|x64.Build.0 = Debug|Any CPU
		{E39A1049-57AF-4310-B627-2FFA33135BD1}.Debug|x86.ActiveCfg = Debug|Any CPU
		{E39A1049-57AF-4310-B627-2FFA33135BD1}.Debug|x86.Build.0 = Debug|Any CPU
		{E39A1049-57AF-4310-B627-2FFA33135BD1}.Release|Any CPU.ActiveCfg = Release|Any CPU
		{E39A1049-57AF-4310-B627-2FFA33135BD1}.Release|Any CPU.Build.0 = Release|Any CPU
		{E39A1049-57AF-4310-B627-2FFA33135BD1}.Release|x64.ActiveCfg = Release|Any CPU
		{E39A1049-57AF-4310-B627-2FFA33135BD1}.Release|x64.Build.0 = Release|Any CPU
		{E39A1049-57AF-4310-B627-2FFA33135BD1}.Release|x86.ActiveCfg = Release|Any CPU
		{E39A1049-57AF-4310-B627-2FFA33135BD1}.Release|x86.Build.0 = Release|Any CPU
	EndGlobalSection
	GlobalSection(SolutionProperties) = preSolution
		HideSolutionNode = FALSE
	EndGlobalSection
	GlobalSection(NestedProjects) = preSolution
		{809291D5-CCCF-4139-A477-F71899FB22DF} = {D7A6041B-98F0-418D-80CA-AFEA245FA8F6}
		{A89E678F-D1EB-449F-AE81-001B028FDE14} = {1F3507EC-A748-4B1C-B90D-D212C9A31DC1}
		{2E967D8D-8239-4EB1-8B97-96928769A336} = {D7A6041B-98F0-418D-80CA-AFEA245FA8F6}
		{DEABC975-5493-401A-8169-F7589B60C946} = {D7A6041B-98F0-418D-80CA-AFEA245FA8F6}
		{C8C347B6-AC90-4A0A-8C5B-8780E2BB8C84} = {1F3507EC-A748-4B1C-B90D-D212C9A31DC1}
		{E0C0C58A-A0E4-4C2C-947B-1E3AA6D08B27} = {D7A6041B-98F0-418D-80CA-AFEA245FA8F6}
		{E39A1049-57AF-4310-B627-2FFA33135BD1} = {1F3507EC-A748-4B1C-B90D-D212C9A31DC1}
	EndGlobalSection
	GlobalSection(ExtensibilityGlobals) = postSolution
		SolutionGuid = {83FF9785-8B15-46FE-AE5D-695E08B40BD0}
	EndGlobalSection
EndGlobal
